
Microsoft Visual Studio Solution File, Format Version 12.00
# Visual Studio Version 17
VisualStudioVersion = 17.2.32630.192
MinimumVisualStudioVersion = 10.0.40219.1
Project("{9A19103F-16F7-4668-BE54-9A1E7A4F7556}") = "CursoCSharp", "CursoCSharp.csproj", "{82C26D6C-242C-4AD1-A348-11D9016DA4DA}"
EndProject
Global
	GlobalSection(SolutionConfigurationPlatforms) = preSolution
		Debug|Any CPU = Debug|Any CPU
		Release|Any CPU = Release|Any CPU
	EndGlobalSection
	GlobalSection(ProjectConfigurationPlatforms) = postSolution
		{82C26D6C-242C-4AD1-A348-11D9016DA4DA}.Debug|Any CPU.ActiveCfg = Debug|Any CPU
		{82C26D6C-242C-4AD1-A348-11D9016DA4DA}.Debug|Any CPU.Build.0 = Debug|Any CPU
		{82C26D6C-242C-4AD1-A348-11D9016DA4DA}.Release|Any CPU.ActiveCfg = Release|Any CPU
		{82C26D6C-242C-4AD1-A348-11D9016DA4DA}.Release|Any CPU.Build.0 = Release|Any CPU
	EndGlobalSection
	GlobalSection(SolutionProperties) = preSolution
		HideSolutionNode = FALSE
	EndGlobalSection
	GlobalSection(ExtensibilityGlobals) = postSolution
		SolutionGuid = {845E9838-CA2C-4346-A015-97A6DB79986C}
	EndGlobalSection
EndGlobal
